
Microsoft Visual Studio Solution File, Format Version 12.00
# Visual Studio 15
VisualStudioVersion = 15.0.27428.2043
MinimumVisualStudioVersion = 10.0.40219.1
Project("{FAE04EC0-301F-11D3-BF4B-00C04F79EFBC}") = "Tarea2", "Tarea2\Tarea2.csproj", "{77340A90-3CA1-4647-B654-29B24810B6D3}"
EndProject
Project("{FAE04EC0-301F-11D3-BF4B-00C04F79EFBC}") = "ProyUnitTest", "ProyUnitTest\ProyUnitTest.csproj", "{60542719-E34F-429F-9663-81090AB41424}"
EndProject
Global
	GlobalSection(SolutionConfigurationPlatforms) = preSolution
		Debug|Any CPU = Debug|Any CPU
		Release|Any CPU = Release|Any CPU
	EndGlobalSection
	GlobalSection(ProjectConfigurationPlatforms) = postSolution
		{77340A90-3CA1-4647-B654-29B24810B6D3}.Debug|Any CPU.ActiveCfg = Debug|Any CPU
		{77340A90-3CA1-4647-B654-29B24810B6D3}.Debug|Any CPU.Build.0 = Debug|Any CPU
		{77340A90-3CA1-4647-B654-29B24810B6D3}.Release|Any CPU.ActiveCfg = Release|Any CPU
		{77340A90-3CA1-4647-B654-29B24810B6D3}.Release|Any CPU.Build.0 = Release|Any CPU
		{60542719-E34F-429F-9663-81090AB41424}.Debug|Any CPU.ActiveCfg = Debug|Any CPU
		{60542719-E34F-429F-9663-81090AB41424}.Debug|Any CPU.Build.0 = Debug|Any CPU
		{60542719-E34F-429F-9663-81090AB41424}.Release|Any CPU.ActiveCfg = Release|Any CPU
		{60542719-E34F-429F-9663-81090AB41424}.Release|Any CPU.Build.0 = Release|Any CPU
	EndGlobalSection
	GlobalSection(SolutionProperties) = preSolution
		HideSolutionNode = FALSE
	EndGlobalSection
	GlobalSection(ExtensibilityGlobals) = postSolution
		SolutionGuid = {FB5BE74E-FC71-472C-BB20-09F1FCEEFC67}
	EndGlobalSection
EndGlobal
